Microsoft Visual Studio Solution File, Format Version 11.00
# Visual Studio 2008

Project("{5FF0F79A-A555-8169-8D1E-801E4B37C5CD}") = "MonopolyDraft", "Assembly-CSharp.csproj", "{5AF8403B-4030-9E9F-1C7B-5F50E124FF2A}"
EndProject
Global
	GlobalSection(SolutionConfigurationPlatforms) = preSolution
		Debug|Any CPU = Debug|Any CPU
		Release|Any CPU = Release|Any CPU
	EndGlobalSection
	GlobalSection(ProjectConfigurationPlatforms) = postSolution
		{5AF8403B-4030-9E9F-1C7B-5F50E124FF2A}.Debug|Any CPU.ActiveCfg = Debug|Any CPU
		{5AF8403B-4030-9E9F-1C7B-5F50E124FF2A}.Debug|Any CPU.Build.0 = Debug|Any CPU
		{5AF8403B-4030-9E9F-1C7B-5F50E124FF2A}.Release|Any CPU.ActiveCfg = Release|Any CPU
		{5AF8403B-4030-9E9F-1C7B-5F50E124FF2A}.Release|Any CPU.Build.0 = Release|Any CPU
	EndGlobalSection
	GlobalSection(SolutionProperties) = preSolution
		HideSolutionNode = FALSE
	EndGlobalSection
	GlobalSection(MonoDevelopProperties) = preSolution
		StartupItem = Assembly-CSharp.csproj
	EndGlobalSection
EndGlobal
