
Microsoft Visual Studio Solution File, Format Version 12.00
# Visual Studio 2015
Project("{FAE04EC0-301F-11D3-BF4B-00C04F79EFBC}") = "Monopoly.CSharp", "Monopoly.CSharp.csproj", "{4136E9C4-70F5-3437-E734-FA1D46C9F66B}"
EndProject
Project("{FAE04EC0-301F-11D3-BF4B-00C04F79EFBC}") = "Monopoly.CSharp.Editor", "Monopoly.CSharp.Editor.csproj", "{0579014D-ABD0-A08C-CDA4-C83BF681EAAB}"
EndProject
Global
	GlobalSection(SolutionConfigurationPlatforms) = preSolution
		Debug|Any CPU = Debug|Any CPU
		Release|Any CPU = Release|Any CPU
	EndGlobalSection
	GlobalSection(ProjectConfigurationPlatforms) = postSolution
		{4136E9C4-70F5-3437-E734-FA1D46C9F66B}.Debug|Any CPU.ActiveCfg = Debug|Any CPU
		{4136E9C4-70F5-3437-E734-FA1D46C9F66B}.Debug|Any CPU.Build.0 = Debug|Any CPU
		{4136E9C4-70F5-3437-E734-FA1D46C9F66B}.Release|Any CPU.ActiveCfg = Release|Any CPU
		{4136E9C4-70F5-3437-E734-FA1D46C9F66B}.Release|Any CPU.Build.0 = Release|Any CPU
		{0579014D-ABD0-A08C-CDA4-C83BF681EAAB}.Debug|Any CPU.ActiveCfg = Debug|Any CPU
		{0579014D-ABD0-A08C-CDA4-C83BF681EAAB}.Debug|Any CPU.Build.0 = Debug|Any CPU
		{0579014D-ABD0-A08C-CDA4-C83BF681EAAB}.Release|Any CPU.ActiveCfg = Release|Any CPU
		{0579014D-ABD0-A08C-CDA4-C83BF681EAAB}.Release|Any CPU.Build.0 = Release|Any CPU
	EndGlobalSection
	GlobalSection(SolutionProperties) = preSolution
		HideSolutionNode = FALSE
	EndGlobalSection
EndGlobal
